
Microsoft Visual Studio Solution File, Format Version 12.00
# Visual Studio Version 16
VisualStudioVersion = 16.0.31105.61
MinimumVisualStudioVersion = 10.0.40219.1
Project("{FAE04EC0-301F-11D3-BF4B-00C04F79EFBC}") = "Tebak Angka", "Tebak Angka\Tebak Angka.csproj", "{4ADE8F1D-3996-48A4-B429-A9B1F0841EB1}"
EndProject
Global
	GlobalSection(SolutionConfigurationPlatforms) = preSolution
		Debug|Any CPU = Debug|Any CPU
		Release|Any CPU = Release|Any CPU
	EndGlobalSection
	GlobalSection(ProjectConfigurationPlatforms) = postSolution
		{4ADE8F1D-3996-48A4-B429-A9B1F0841EB1}.Debug|Any CPU.ActiveCfg = Debug|Any CPU
		{4ADE8F1D-3996-48A4-B429-A9B1F0841EB1}.Debug|Any CPU.Build.0 = Debug|Any CPU
		{4ADE8F1D-3996-48A4-B429-A9B1F0841EB1}.Release|Any CPU.ActiveCfg = Release|Any CPU
		{4ADE8F1D-3996-48A4-B429-A9B1F0841EB1}.Release|Any CPU.Build.0 = Release|Any CPU
	EndGlobalSection
	GlobalSection(SolutionProperties) = preSolution
		HideSolutionNode = FALSE
	EndGlobalSection
	GlobalSection(ExtensibilityGlobals) = postSolution
		SolutionGuid = {148CD434-8161-41D2-A48B-FA60C32D0C05}
	EndGlobalSection
EndGlobal
